
Microsoft Visual Studio Solution File, Format Version 12.00
# Visual Studio Version 16
VisualStudioVersion = 16.0.29020.237
MinimumVisualStudioVersion = 10.0.40219.1
Project("{9A19103F-16F7-4668-BE54-9A1E7A4F7556}") = "Playground.Domain", "src\Playground.Domain\Playground.Domain.csproj", "{554AD327-6DBA-4F8F-96F8-81CE7A0C863F}"
EndProject
Project("{2150E333-8FDC-42A3-9474-1A3956D46DE8}") = "src", "src", "{CA9AC87F-097E-4F15-8393-4BC07735A5B0}"
EndProject
Project("{2150E333-8FDC-42A3-9474-1A3956D46DE8}") = "test", "test", "{04DBDB01-70F4-4E06-B468-8F87850B22BE}"
EndProject
Project("{9A19103F-16F7-4668-BE54-9A1E7A4F7556}") = "Playground.Application.Tests", "test\Playground.Application.Tests\Playground.Application.Tests.csproj", "{50B2631D-129C-47B3-A587-029CCD6099BC}"
EndProject
Project("{9A19103F-16F7-4668-BE54-9A1E7A4F7556}") = "Playground.EntityFrameworkCore.DbMigrations", "src\Playground.EntityFrameworkCore.DbMigrations\Playground.EntityFrameworkCore.DbMigrations.csproj", "{0372FA84-C517-4EB3-9A9F-B9ACAC0CA5E0}"
EndProject
Project("{9A19103F-16F7-4668-BE54-9A1E7A4F7556}") = "Playground.HttpApi.Client.ConsoleTestApp", "test\Playground.HttpApi.Client.ConsoleTestApp\Playground.HttpApi.Client.ConsoleTestApp.csproj", "{EF480016-9127-4916-8735-D2466BDBC582}"
EndProject
Project("{FAE04EC0-301F-11D3-BF4B-00C04F79EFBC}") = "Playground.Application", "src\Playground.Application\Playground.Application.csproj", "{A50EA417-0B9B-4CFB-8CE8-612C96DCE26C}"
EndProject
Project("{FAE04EC0-301F-11D3-BF4B-00C04F79EFBC}") = "Playground.EntityFrameworkCore", "src\Playground.EntityFrameworkCore\Playground.EntityFrameworkCore.csproj", "{7CF4370D-F40B-46C8-82F1-6B620A43C191}"
EndProject
Project("{FAE04EC0-301F-11D3-BF4B-00C04F79EFBC}") = "Playground.Domain.Shared", "src\Playground.Domain.Shared\Playground.Domain.Shared.csproj", "{F6F9FD38-F133-4334-97C4-F417A35F932B}"
EndProject
Project("{FAE04EC0-301F-11D3-BF4B-00C04F79EFBC}") = "Playground.Application.Contracts", "src\Playground.Application.Contracts\Playground.Application.Contracts.csproj", "{CD69A99B-6F47-4D60-800B-550F492AF0F1}"
EndProject
Project("{FAE04EC0-301F-11D3-BF4B-00C04F79EFBC}") = "Playground.HttpApi", "src\Playground.HttpApi\Playground.HttpApi.csproj", "{EDC7D7B5-3BB6-4673-ADB6-8B2FA5EE23D9}"
EndProject
Project("{FAE04EC0-301F-11D3-BF4B-00C04F79EFBC}") = "Playground.HttpApi.Client", "src\Playground.HttpApi.Client\Playground.HttpApi.Client.csproj", "{BEBD5525-00F1-4B3F-9B14-3F3709BD3382}"
EndProject
Project("{FAE04EC0-301F-11D3-BF4B-00C04F79EFBC}") = "Playground.Web", "src\Playground.Web\Playground.Web.csproj", "{E013E68F-AED9-4D01-BD69-2224F80BC574}"
EndProject
Project("{FAE04EC0-301F-11D3-BF4B-00C04F79EFBC}") = "Playground.IdentityServer", "src\Playground.IdentityServer\Playground.IdentityServer.csproj", "{4D8E5CAD-E16E-4B4F-BE70-AB23E1F235D1}"
EndProject
Project("{FAE04EC0-301F-11D3-BF4B-00C04F79EFBC}") = "Playground.HttpApi.Host", "src\Playground.HttpApi.Host\Playground.HttpApi.Host.csproj", "{E9ECF3A2-9BA4-44B3-B622-9BB2F78511B6}"
EndProject
Project("{FAE04EC0-301F-11D3-BF4B-00C04F79EFBC}") = "Playground.DbMigrator", "src\Playground.DbMigrator\Playground.DbMigrator.csproj", "{13F8D57C-3684-495C-B5C3-543782C03837}"
EndProject
Project("{9344BDBB-3E7F-41FC-A0DD-8665D75EE146}") = "Playground.EntityFrameworkCore.Tests", "test\Playground.EntityFrameworkCore.Tests\Playground.EntityFrameworkCore.Tests.csproj", "{DF5300A2-8AE6-4937-8028-28AF360DC0D4}"
EndProject
Project("{9344BDBB-3E7F-41FC-A0DD-8665D75EE146}") = "Playground.TestBase", "test\Playground.TestBase\Playground.TestBase.csproj", "{2519CC6C-0908-4D72-9A54-CC7BB2CD61EF}"
EndProject
Project("{9344BDBB-3E7F-41FC-A0DD-8665D75EE146}") = "Playground.Domain.Tests", "test\Playground.Domain.Tests\Playground.Domain.Tests.csproj", "{6C6C2CFC-73C6-42F7-9716-25DE7C62E712}"
EndProject
Global
	GlobalSection(SolutionConfigurationPlatforms) = preSolution
		Debug|Any CPU = Debug|Any CPU
		Release|Any CPU = Release|Any CPU
	EndGlobalSection
	GlobalSection(ProjectConfigurationPlatforms) = postSolution
		{554AD327-6DBA-4F8F-96F8-81CE7A0C863F}.Debug|Any CPU.ActiveCfg = Debug|Any CPU
		{554AD327-6DBA-4F8F-96F8-81CE7A0C863F}.Debug|Any CPU.Build.0 = Debug|Any CPU
		{554AD327-6DBA-4F8F-96F8-81CE7A0C863F}.Release|Any CPU.ActiveCfg = Release|Any CPU
		{554AD327-6DBA-4F8F-96F8-81CE7A0C863F}.Release|Any CPU.Build.0 = Release|Any CPU
		{50B2631D-129C-47B3-A587-029CCD6099BC}.Debug|Any CPU.ActiveCfg = Debug|Any CPU
		{50B2631D-129C-47B3-A587-029CCD6099BC}.Debug|Any CPU.Build.0 = Debug|Any CPU
		{50B2631D-129C-47B3-A587-029CCD6099BC}.Release|Any CPU.ActiveCfg = Release|Any CPU
		{50B2631D-129C-47B3-A587-029CCD6099BC}.Release|Any CPU.Build.0 = Release|Any CPU
		{0372FA84-C517-4EB3-9A9F-B9ACAC0CA5E0}.Debug|Any CPU.ActiveCfg = Debug|Any CPU
		{0372FA84-C517-4EB3-9A9F-B9ACAC0CA5E0}.Debug|Any CPU.Build.0 = Debug|Any CPU
		{0372FA84-C517-4EB3-9A9F-B9ACAC0CA5E0}.Release|Any CPU.ActiveCfg = Release|Any CPU
		{0372FA84-C517-4EB3-9A9F-B9ACAC0CA5E0}.Release|Any CPU.Build.0 = Release|Any CPU
		{EF480016-9127-4916-8735-D2466BDBC582}.Debug|Any CPU.ActiveCfg = Debug|Any CPU
		{EF480016-9127-4916-8735-D2466BDBC582}.Debug|Any CPU.Build.0 = Debug|Any CPU
		{EF480016-9127-4916-8735-D2466BDBC582}.Release|Any CPU.ActiveCfg = Release|Any CPU
		{EF480016-9127-4916-8735-D2466BDBC582}.Release|Any CPU.Build.0 = Release|Any CPU
		{A50EA417-0B9B-4CFB-8CE8-612C96DCE26C}.Debug|Any CPU.ActiveCfg = Debug|Any CPU
		{A50EA417-0B9B-4CFB-8CE8-612C96DCE26C}.Debug|Any CPU.Build.0 = Debug|Any CPU
		{A50EA417-0B9B-4CFB-8CE8-612C96DCE26C}.Release|Any CPU.ActiveCfg = Release|Any CPU
		{A50EA417-0B9B-4CFB-8CE8-612C96DCE26C}.Release|Any CPU.Build.0 = Release|Any CPU
		{7CF4370D-F40B-46C8-82F1-6B620A43C191}.Debug|Any CPU.ActiveCfg = Debug|Any CPU
		{7CF4370D-F40B-46C8-82F1-6B620A43C191}.Debug|Any CPU.Build.0 = Debug|Any CPU
		{7CF4370D-F40B-46C8-82F1-6B620A43C191}.Release|Any CPU.ActiveCfg = Release|Any CPU
		{7CF4370D-F40B-46C8-82F1-6B620A43C191}.Release|Any CPU.Build.0 = Release|Any CPU
		{F6F9FD38-F133-4334-97C4-F417A35F932B}.Debug|Any CPU.ActiveCfg = Debug|Any CPU
		{F6F9FD38-F133-4334-97C4-F417A35F932B}.Debug|Any CPU.Build.0 = Debug|Any CPU
		{F6F9FD38-F133-4334-97C4-F417A35F932B}.Release|Any CPU.ActiveCfg = Release|Any CPU
		{F6F9FD38-F133-4334-97C4-F417A35F932B}.Release|Any CPU.Build.0 = Release|Any CPU
		{CD69A99B-6F47-4D60-800B-550F492AF0F1}.Debug|Any CPU.ActiveCfg = Debug|Any CPU
		{CD69A99B-6F47-4D60-800B-550F492AF0F1}.Debug|Any CPU.Build.0 = Debug|Any CPU
		{CD69A99B-6F47-4D60-800B-550F492AF0F1}.Release|Any CPU.ActiveCfg = Release|Any CPU
		{CD69A99B-6F47-4D60-800B-550F492AF0F1}.Release|Any CPU.Build.0 = Release|Any CPU
		{EDC7D7B5-3BB6-4673-ADB6-8B2FA5EE23D9}.Debug|Any CPU.ActiveCfg = Debug|Any CPU
		{EDC7D7B5-3BB6-4673-ADB6-8B2FA5EE23D9}.Debug|Any CPU.Build.0 = Debug|Any CPU
		{EDC7D7B5-3BB6-4673-ADB6-8B2FA5EE23D9}.Release|Any CPU.ActiveCfg = Release|Any CPU
		{EDC7D7B5-3BB6-4673-ADB6-8B2FA5EE23D9}.Release|Any CPU.Build.0 = Release|Any CPU
		{BEBD5525-00F1-4B3F-9B14-3F3709BD3382}.Debug|Any CPU.ActiveCfg = Debug|Any CPU
		{BEBD5525-00F1-4B3F-9B14-3F3709BD3382}.Debug|Any CPU.Build.0 = Debug|Any CPU
		{BEBD5525-00F1-4B3F-9B14-3F3709BD3382}.Release|Any CPU.ActiveCfg = Release|Any CPU
		{BEBD5525-00F1-4B3F-9B14-3F3709BD3382}.Release|Any CPU.Build.0 = Release|Any CPU
		{E013E68F-AED9-4D01-BD69-2224F80BC574}.Debug|Any CPU.ActiveCfg = Debug|Any CPU
		{E013E68F-AED9-4D01-BD69-2224F80BC574}.Debug|Any CPU.Build.0 = Debug|Any CPU
		{E013E68F-AED9-4D01-BD69-2224F80BC574}.Release|Any CPU.ActiveCfg = Release|Any CPU
		{E013E68F-AED9-4D01-BD69-2224F80BC574}.Release|Any CPU.Build.0 = Release|Any CPU
		{4D8E5CAD-E16E-4B4F-BE70-AB23E1F235D1}.Debug|Any CPU.ActiveCfg = Debug|Any CPU
		{4D8E5CAD-E16E-4B4F-BE70-AB23E1F235D1}.Debug|Any CPU.Build.0 = Debug|Any CPU
		{4D8E5CAD-E16E-4B4F-BE70-AB23E1F235D1}.Release|Any CPU.ActiveCfg = Release|Any CPU
		{4D8E5CAD-E16E-4B4F-BE70-AB23E1F235D1}.Release|Any CPU.Build.0 = Release|Any CPU
		{E9ECF3A2-9BA4-44B3-B622-9BB2F78511B6}.Debug|Any CPU.ActiveCfg = Debug|Any CPU
		{E9ECF3A2-9BA4-44B3-B622-9BB2F78511B6}.Debug|Any CPU.Build.0 = Debug|Any CPU
		{E9ECF3A2-9BA4-44B3-B622-9BB2F78511B6}.Release|Any CPU.ActiveCfg = Release|Any CPU
		{E9ECF3A2-9BA4-44B3-B622-9BB2F78511B6}.Release|Any CPU.Build.0 = Release|Any CPU
		{13F8D57C-3684-495C-B5C3-543782C03837}.Debug|Any CPU.ActiveCfg = Debug|Any CPU
		{13F8D57C-3684-495C-B5C3-543782C03837}.Debug|Any CPU.Build.0 = Debug|Any CPU
		{13F8D57C-3684-495C-B5C3-543782C03837}.Release|Any CPU.ActiveCfg = Release|Any CPU
		{13F8D57C-3684-495C-B5C3-543782C03837}.Release|Any CPU.Build.0 = Release|Any CPU
		{DF5300A2-8AE6-4937-8028-28AF360DC0D4}.Debug|Any CPU.ActiveCfg = Debug|Any CPU
		{DF5300A2-8AE6-4937-8028-28AF360DC0D4}.Debug|Any CPU.Build.0 = Debug|Any CPU
		{DF5300A2-8AE6-4937-8028-28AF360DC0D4}.Release|Any CPU.ActiveCfg = Release|Any CPU
		{DF5300A2-8AE6-4937-8028-28AF360DC0D4}.Release|Any CPU.Build.0 = Release|Any CPU
		{2519CC6C-0908-4D72-9A54-CC7BB2CD61EF}.Debug|Any CPU.ActiveCfg = Debug|Any CPU
		{2519CC6C-0908-4D72-9A54-CC7BB2CD61EF}.Debug|Any CPU.Build.0 = Debug|Any CPU
		{2519CC6C-0908-4D72-9A54-CC7BB2CD61EF}.Release|Any CPU.ActiveCfg = Release|Any CPU
		{2519CC6C-0908-4D72-9A54-CC7BB2CD61EF}.Release|Any CPU.Build.0 = Release|Any CPU
		{6C6C2CFC-73C6-42F7-9716-25DE7C62E712}.Debug|Any CPU.ActiveCfg = Debug|Any CPU
		{6C6C2CFC-73C6-42F7-9716-25DE7C62E712}.Debug|Any CPU.Build.0 = Debug|Any CPU
		{6C6C2CFC-73C6-42F7-9716-25DE7C62E712}.Release|Any CPU.ActiveCfg = Release|Any CPU
		{6C6C2CFC-73C6-42F7-9716-25DE7C62E712}.Release|Any CPU.Build.0 = Release|Any CPU
	EndGlobalSection
	GlobalSection(SolutionProperties) = preSolution
		HideSolutionNode = FALSE
	EndGlobalSection
	GlobalSection(NestedProjects) = preSolution
		{554AD327-6DBA-4F8F-96F8-81CE7A0C863F} = {CA9AC87F-097E-4F15-8393-4BC07735A5B0}
		{50B2631D-129C-47B3-A587-029CCD6099BC} = {04DBDB01-70F4-4E06-B468-8F87850B22BE}
		{0372FA84-C517-4EB3-9A9F-B9ACAC0CA5E0} = {CA9AC87F-097E-4F15-8393-4BC07735A5B0}
		{EF480016-9127-4916-8735-D2466BDBC582} = {04DBDB01-70F4-4E06-B468-8F87850B22BE}
		{A50EA417-0B9B-4CFB-8CE8-612C96DCE26C} = {CA9AC87F-097E-4F15-8393-4BC07735A5B0}
		{7CF4370D-F40B-46C8-82F1-6B620A43C191} = {CA9AC87F-097E-4F15-8393-4BC07735A5B0}
		{F6F9FD38-F133-4334-97C4-F417A35F932B} = {CA9AC87F-097E-4F15-8393-4BC07735A5B0}
		{CD69A99B-6F47-4D60-800B-550F492AF0F1} = {CA9AC87F-097E-4F15-8393-4BC07735A5B0}
		{EDC7D7B5-3BB6-4673-ADB6-8B2FA5EE23D9} = {CA9AC87F-097E-4F15-8393-4BC07735A5B0}
		{BEBD5525-00F1-4B3F-9B14-3F3709BD3382} = {CA9AC87F-097E-4F15-8393-4BC07735A5B0}
		{E013E68F-AED9-4D01-BD69-2224F80BC574} = {CA9AC87F-097E-4F15-8393-4BC07735A5B0}
		{4D8E5CAD-E16E-4B4F-BE70-AB23E1F235D1} = {CA9AC87F-097E-4F15-8393-4BC07735A5B0}
		{E9ECF3A2-9BA4-44B3-B622-9BB2F78511B6} = {CA9AC87F-097E-4F15-8393-4BC07735A5B0}
		{13F8D57C-3684-495C-B5C3-543782C03837} = {CA9AC87F-097E-4F15-8393-4BC07735A5B0}
		{DF5300A2-8AE6-4937-8028-28AF360DC0D4} = {04DBDB01-70F4-4E06-B468-8F87850B22BE}
		{2519CC6C-0908-4D72-9A54-CC7BB2CD61EF} = {04DBDB01-70F4-4E06-B468-8F87850B22BE}
		{6C6C2CFC-73C6-42F7-9716-25DE7C62E712} = {04DBDB01-70F4-4E06-B468-8F87850B22BE}
	EndGlobalSection
	GlobalSection(ExtensibilityGlobals) = postSolution
		SolutionGuid = {28315BFD-90E7-4E14-A2EA-F3D23AF4126F}
	EndGlobalSection
EndGlobal
